
Microsoft Visual Studio Solution File, Format Version 12.00
# Visual Studio Version 17
VisualStudioVersion = 17.0.31903.59
MinimumVisualStudioVersion = 10.0.40219.1
Project("{2150E333-8FDC-42A3-9474-1A3956D46DE8}") = "src", "src", "{827E0CD3-B72D-47B6-A68D-7590B98EB39B}"
EndProject
Project("{FAE04EC0-301F-11D3-BF4B-00C04F79EFBC}") = "Club.Server", "src\Club.Server\Club.Server.csproj", "{B7D1D22A-F382-41C1-823A-2021A9E87407}"
EndProject
Project("{FAE04EC0-301F-11D3-BF4B-00C04F79EFBC}") = "Club.TrueNas", "src\Club.TrueNas\Club.TrueNas.csproj", "{B0961328-A430-4D3E-94DC-0ABE08E01722}"
EndProject
Project("{2150E333-8FDC-42A3-9474-1A3956D46DE8}") = "tests", "tests", "{0AB3BF05-4346-4AA6-1389-037BE0695223}"
EndProject
Project("{FAE04EC0-301F-11D3-BF4B-00C04F79EFBC}") = "Club.Server.Tests", "tests\Club.Server.Tests\Club.Server.Tests.csproj", "{B821020F-8342-4778-B1FD-8A3ECD3ED104}"
EndProject
Project("{FAE04EC0-301F-11D3-BF4B-00C04F79EFBC}") = "Club.TrueNas.Tests", "tests\Club.TrueNas.Tests\Club.TrueNas.Tests.csproj", "{1DCE1762-381E-4004-BEFD-76D3CE1633A4}"
EndProject
Project("{FAE04EC0-301F-11D3-BF4B-00C04F79EFBC}") = "Club.TestSupport", "tests\Club.TestSupport\Club.TestSupport.csproj", "{44B44F68-1A05-4717-BBB3-BB3810B324F0}"
EndProject
Project("{FAE04EC0-301F-11D3-BF4B-00C04F79EFBC}") = "Club.Helper.Core", "src\Club.Helper.Core\Club.Helper.Core.csproj", "{4AD71DBC-AD1D-4C63-9306-CA155D004348}"
EndProject
Project("{FAE04EC0-301F-11D3-BF4B-00C04F79EFBC}") = "Club.Helper", "src\Club.Helper\Club.Helper.csproj", "{94B40128-4FB9-407F-BCBA-EA4A3A71388F}"
EndProject
Project("{FAE04EC0-301F-11D3-BF4B-00C04F79EFBC}") = "Club.Helper.Tests", "tests\Club.Helper.Tests\Club.Helper.Tests.csproj", "{31805A4C-D211-4342-8BE7-B601EB6BB43A}"
EndProject
Global
	GlobalSection(SolutionConfigurationPlatforms) = preSolution
		Debug|Any CPU = Debug|Any CPU
		Debug|x64 = Debug|x64
		Debug|x86 = Debug|x86
		Release|Any CPU = Release|Any CPU
		Release|x64 = Release|x64
		Release|x86 = Release|x86
	EndGlobalSection
	GlobalSection(ProjectConfigurationPlatforms) = postSolution
		{B7D1D22A-F382-41C1-823A-2021A9E87407}.Debug|Any CPU.ActiveCfg = Debug|Any CPU
		{B7D1D22A-F382-41C1-823A-2021A9E87407}.Debug|Any CPU.Build.0 = Debug|Any CPU
		{B7D1D22A-F382-41C1-823A-2021A9E87407}.Debug|x64.ActiveCfg = Debug|Any CPU
		{B7D1D22A-F382-41C1-823A-2021A9E87407}.Debug|x64.Build.0 = Debug|Any CPU
		{B7D1D22A-F382-41C1-823A-2021A9E87407}.Debug|x86.ActiveCfg = Debug|Any CPU
		{B7D1D22A-F382-41C1-823A-2021A9E87407}.Debug|x86.Build.0 = Debug|Any CPU
		{B7D1D22A-F382-41C1-823A-2021A9E87407}.Release|Any CPU.ActiveCfg = Release|Any CPU
		{B7D1D22A-F382-41C1-823A-2021A9E87407}.Release|Any CPU.Build.0 = Release|Any CPU
		{B7D1D22A-F382-41C1-823A-2021A9E87407}.Release|x64.ActiveCfg = Release|Any CPU
		{B7D1D22A-F382-41C1-823A-2021A9E87407}.Release|x64.Build.0 = Release|Any CPU
		{B7D1D22A-F382-41C1-823A-2021A9E87407}.Release|x86.ActiveCfg = Release|Any CPU
		{B7D1D22A-F382-41C1-823A-2021A9E87407}.Release|x86.Build.0 = Release|Any CPU
		{B0961328-A430-4D3E-94DC-0ABE08E01722}.Debug|Any CPU.ActiveCfg = Debug|Any CPU
		{B0961328-A430-4D3E-94DC-0ABE08E01722}.Debug|Any CPU.Build.0 = Debug|Any CPU
		{B0961328-A430-4D3E-94DC-0ABE08E01722}.Debug|x64.ActiveCfg = Debug|Any CPU
		{B0961328-A430-4D3E-94DC-0ABE08E01722}.Debug|x64.Build.0 = Debug|Any CPU
		{B0961328-A430-4D3E-94DC-0ABE08E01722}.Debug|x86.ActiveCfg = Debug|Any CPU
		{B0961328-A430-4D3E-94DC-0ABE08E01722}.Debug|x86.Build.0 = Debug|Any CPU
		{B0961328-A430-4D3E-94DC-0ABE08E01722}.Release|Any CPU.ActiveCfg = Release|Any CPU
		{B0961328-A430-4D3E-94DC-0ABE08E01722}.Release|Any CPU.Build.0 = Release|Any CPU
		{B0961328-A430-4D3E-94DC-0ABE08E01722}.Release|x64.ActiveCfg = Release|Any CPU
		{B0961328-A430-4D3E-94DC-0ABE08E01722}.Release|x64.Build.0 = Release|Any CPU
		{B0961328-A430-4D3E-94DC-0ABE08E01722}.Release|x86.ActiveCfg = Release|Any CPU
		{B0961328-A430-4D3E-94DC-0ABE08E01722}.Release|x86.Build.0 = Release|Any CPU
		{B821020F-8342-4778-B1FD-8A3ECD3ED104}.Debug|Any CPU.ActiveCfg = Debug|Any CPU
		{B821020F-8342-4778-B1FD-8A3ECD3ED104}.Debug|Any CPU.Build.0 = Debug|Any CPU
		{B821020F-8342-4778-B1FD-8A3ECD3ED104}.Debug|x64.ActiveCfg = Debug|Any CPU
		{B821020F-8342-4778-B1FD-8A3ECD3ED104}.Debug|x64.Build.0 = Debug|Any CPU
		{B821020F-8342-4778-B1FD-8A3ECD3ED104}.Debug|x86.ActiveCfg = Debug|Any CPU
		{B821020F-8342-4778-B1FD-8A3ECD3ED104}.Debug|x86.Build.0 = Debug|Any CPU
		{B821020F-8342-4778-B1FD-8A3ECD3ED104}.Release|Any CPU.ActiveCfg = Release|Any CPU
		{B821020F-8342-4778-B1FD-8A3ECD3ED104}.Release|Any CPU.Build.0 = Release|Any CPU
		{B821020F-8342-4778-B1FD-8A3ECD3ED104}.Release|x64.ActiveCfg = Release|Any CPU
		{B821020F-8342-4778-B1FD-8A3ECD3ED104}.Release|x64.Build.0 = Release|Any CPU
		{B821020F-8342-4778-B1FD-8A3ECD3ED104}.Release|x86.ActiveCfg = Release|Any CPU
		{B821020F-8342-4778-B1FD-8A3ECD3ED104}.Release|x86.Build.0 = Release|Any CPU
		{1DCE1762-381E-4004-BEFD-76D3CE1633A4}.Debug|Any CPU.ActiveCfg = Debug|Any CPU
		{1DCE1762-381E-4004-BEFD-76D3CE1633A4}.Debug|Any CPU.Build.0 = Debug|Any CPU
		{1DCE1762-381E-4004-BEFD-76D3CE1633A4}.Debug|x64.ActiveCfg = Debug|Any CPU
		{1DCE1762-381E-4004-BEFD-76D3CE1633A4}.Debug|x64.Build.0 = Debug|Any CPU
		{1DCE1762-381E-4004-BEFD-76D3CE1633A4}.Debug|x86.ActiveCfg = Debug|Any CPU
		{1DCE1762-381E-4004-BEFD-76D3CE1633A4}.Debug|x86.Build.0 = Debug|Any CPU
		{1DCE1762-381E-4004-BEFD-76D3CE1633A4}.Release|Any CPU.ActiveCfg = Release|Any CPU
		{1DCE1762-381E-4004-BEFD-76D3CE1633A4}.Release|Any CPU.Build.0 = Release|Any CPU
		{1DCE1762-381E-4004-BEFD-76D3CE1633A4}.Release|x64.ActiveCfg = Release|Any CPU
		{1DCE1762-381E-4004-BEFD-76D3CE1633A4}.Release|x64.Build.0 = Release|Any CPU
		{1DCE1762-381E-4004-BEFD-76D3CE1633A4}.Release|x86.ActiveCfg = Release|Any CPU
		{1DCE1762-381E-4004-BEFD-76D3CE1633A4}.Release|x86.Build.0 = Release|Any CPU
		{44B44F68-1A05-4717-BBB3-BB3810B324F0}.Debug|Any CPU.ActiveCfg = Debug|Any CPU
		{44B44F68-1A05-4717-BBB3-BB3810B324F0}.Debug|Any CPU.Build.0 = Debug|Any CPU
		{44B44F68-1A05-4717-BBB3-BB3810B324F0}.Debug|x64.ActiveCfg = Debug|Any CPU
		{44B44F68-1A05-4717-BBB3-BB3810B324F0}.Debug|x64.Build.0 = Debug|Any CPU
		{44B44F68-1A05-4717-BBB3-BB3810B324F0}.Debug|x86.ActiveCfg = Debug|Any CPU
		{44B44F68-1A05-4717-BBB3-BB3810B324F0}.Debug|x86.Build.0 = Debug|Any CPU
		{44B44F68-1A05-4717-BBB3-BB3810B324F0}.Release|Any CPU.ActiveCfg = Release|Any CPU
		{44B44F68-1A05-4717-BBB3-BB3810B324F0}.Release|Any CPU.Build.0 = Release|Any CPU
		{44B44F68-1A05-4717-BBB3-BB3810B324F0}.Release|x64.ActiveCfg = Release|Any CPU
		{44B44F68-1A05-4717-BBB3-BB3810B324F0}.Release|x64.Build.0 = Release|Any CPU
		{44B44F68-1A05-4717-BBB3-BB3810B324F0}.Release|x86.ActiveCfg = Release|Any CPU
		{44B44F68-1A05-4717-BBB3-BB3810B324F0}.Release|x86.Build.0 = Release|Any CPU
		{4AD71DBC-AD1D-4C63-9306-CA155D004348}.Debug|Any CPU.ActiveCfg = Debug|Any CPU
		{4AD71DBC-AD1D-4C63-9306-CA155D004348}.Debug|Any CPU.Build.0 = Debug|Any CPU
		{4AD71DBC-AD1D-4C63-9306-CA155D004348}.Debug|x64.ActiveCfg = Debug|Any CPU
		{4AD71DBC-AD1D-4C63-9306-CA155D004348}.Debug|x64.Build.0 = Debug|Any CPU
		{4AD71DBC-AD1D-4C63-9306-CA155D004348}.Debug|x86.ActiveCfg = Debug|Any CPU
		{4AD71DBC-AD1D-4C63-9306-CA155D004348}.Debug|x86.Build.0 = Debug|Any CPU
		{4AD71DBC-AD1D-4C63-9306-CA155D004348}.Release|Any CPU.ActiveCfg = Release|Any CPU
		{4AD71DBC-AD1D-4C63-9306-CA155D004348}.Release|Any CPU.Build.0 = Release|Any CPU
		{4AD71DBC-AD1D-4C63-9306-CA155D004348}.Release|x64.ActiveCfg = Release|Any CPU
		{4AD71DBC-AD1D-4C63-9306-CA155D004348}.Release|x64.Build.0 = Release|Any CPU
		{4AD71DBC-AD1D-4C63-9306-CA155D004348}.Release|x86.ActiveCfg = Release|Any CPU
		{4AD71DBC-AD1D-4C63-9306-CA155D004348}.Release|x86.Build.0 = Release|Any CPU
		{94B40128-4FB9-407F-BCBA-EA4A3A71388F}.Debug|Any CPU.ActiveCfg = Debug|Any CPU
		{94B40128-4FB9-407F-BCBA-EA4A3A71388F}.Debug|Any CPU.Build.0 = Debug|Any CPU
		{94B40128-4FB9-407F-BCBA-EA4A3A71388F}.Debug|x64.ActiveCfg = Debug|Any CPU
		{94B40128-4FB9-407F-BCBA-EA4A3A71388F}.Debug|x64.Build.0 = Debug|Any CPU
		{94B40128-4FB9-407F-BCBA-EA4A3A71388F}.Debug|x86.ActiveCfg = Debug|Any CPU
		{94B40128-4FB9-407F-BCBA-EA4A3A71388F}.Debug|x86.Build.0 = Debug|Any CPU
		{94B40128-4FB9-407F-BCBA-EA4A3A71388F}.Release|Any CPU.ActiveCfg = Release|Any CPU
		{94B40128-4FB9-407F-BCBA-EA4A3A71388F}.Release|Any CPU.Build.0 = Release|Any CPU
		{94B40128-4FB9-407F-BCBA-EA4A3A71388F}.Release|x64.ActiveCfg = Release|Any CPU
		{94B40128-4FB9-407F-BCBA-EA4A3A71388F}.Release|x64.Build.0 = Release|Any CPU
		{94B40128-4FB9-407F-BCBA-EA4A3A71388F}.Release|x86.ActiveCfg = Release|Any CPU
		{94B40128-4FB9-407F-BCBA-EA4A3A71388F}.Release|x86.Build.0 = Release|Any CPU
		{31805A4C-D211-4342-8BE7-B601EB6BB43A}.Debug|Any CPU.ActiveCfg = Debug|Any CPU
		{31805A4C-D211-4342-8BE7-B601EB6BB43A}.Debug|Any CPU.Build.0 = Debug|Any CPU
		{31805A4C-D211-4342-8BE7-B601EB6BB43A}.Debug|x64.ActiveCfg = Debug|Any CPU
		{31805A4C-D211-4342-8BE7-B601EB6BB43A}.Debug|x64.Build.0 = Debug|Any CPU
		{31805A4C-D211-4342-8BE7-B601EB6BB43A}.Debug|x86.ActiveCfg = Debug|Any CPU
		{31805A4C-D211-4342-8BE7-B601EB6BB43A}.Debug|x86.Build.0 = Debug|Any CPU
		{31805A4C-D211-4342-8BE7-B601EB6BB43A}.Release|Any CPU.ActiveCfg = Release|Any CPU
		{31805A4C-D211-4342-8BE7-B601EB6BB43A}.Release|Any CPU.Build.0 = Release|Any CPU
		{31805A4C-D211-4342-8BE7-B601EB6BB43A}.Release|x64.ActiveCfg = Release|Any CPU
		{31805A4C-D211-4342-8BE7-B601EB6BB43A}.Release|x64.Build.0 = Release|Any CPU
		{31805A4C-D211-4342-8BE7-B601EB6BB43A}.Release|x86.ActiveCfg = Release|Any CPU
		{31805A4C-D211-4342-8BE7-B601EB6BB43A}.Release|x86.Build.0 = Release|Any CPU
	EndGlobalSection
	GlobalSection(SolutionProperties) = preSolution
		HideSolutionNode = FALSE
	EndGlobalSection
	GlobalSection(NestedProjects) = preSolution
		{B7D1D22A-F382-41C1-823A-2021A9E87407} = {827E0CD3-B72D-47B6-A68D-7590B98EB39B}
		{B0961328-A430-4D3E-94DC-0ABE08E01722} = {827E0CD3-B72D-47B6-A68D-7590B98EB39B}
		{B821020F-8342-4778-B1FD-8A3ECD3ED104} = {0AB3BF05-4346-4AA6-1389-037BE0695223}
		{1DCE1762-381E-4004-BEFD-76D3CE1633A4} = {0AB3BF05-4346-4AA6-1389-037BE0695223}
		{44B44F68-1A05-4717-BBB3-BB3810B324F0} = {0AB3BF05-4346-4AA6-1389-037BE0695223}
		{4AD71DBC-AD1D-4C63-9306-CA155D004348} = {827E0CD3-B72D-47B6-A68D-7590B98EB39B}
		{94B40128-4FB9-407F-BCBA-EA4A3A71388F} = {827E0CD3-B72D-47B6-A68D-7590B98EB39B}
		{31805A4C-D211-4342-8BE7-B601EB6BB43A} = {0AB3BF05-4346-4AA6-1389-037BE0695223}
	EndGlobalSection
EndGlobal
